{
  "requires": true,
  "lockfileVersion": 1,
  "dependencies": {
    "cypress-file-upload": {
      "version": "3.3.3",
      "resolved": "https://registry.npmjs.org/cypress-file-upload/-/cypress-file-upload-3.3.3.tgz",
      "integrity": "sha512-CmXGRMHonoyCa8EcF6jomxqMAe56HvKfnW7S69EmTga8ecYmvQUI6gYttcHO+5UTmFQOFl7xbABV3+AbnI4btA=="
    },
    "jwt-decode": {
      "version": "2.2.0",
      "resolved": "https://registry.npmjs.org/jwt-decode/-/jwt-decode-2.2.0.tgz",
      "integrity": "sha1-fYa9VmefWM5qhHBKZX3TkruoGnk="
    }
  }
}
